
Microsoft Visual Studio Solution File, Format Version 12.00
# Visual Studio Version 17
VisualStudioVersion = 17.7.34221.43
MinimumVisualStudioVersion = 10.0.40219.1
Project("{FAE04EC0-301F-11D3-BF4B-00C04F79EFBC}") = "APIExemplo", "APIExemplo.csproj", "{EEC7DA2B-59FF-42A0-8581-56C4FBAFFBB5}"
EndProject
Global
	GlobalSection(SolutionConfigurationPlatforms) = preSolution
		Debug|Any CPU = Debug|Any CPU
		Release|Any CPU = Release|Any CPU
	EndGlobalSection
	GlobalSection(ProjectConfigurationPlatforms) = postSolution
		{EEC7DA2B-59FF-42A0-8581-56C4FBAFFBB5}.Debug|Any CPU.ActiveCfg = Debug|Any CPU
		{EEC7DA2B-59FF-42A0-8581-56C4FBAFFBB5}.Debug|Any CPU.Build.0 = Debug|Any CPU
		{EEC7DA2B-59FF-42A0-8581-56C4FBAFFBB5}.Release|Any CPU.ActiveCfg = Release|Any CPU
		{EEC7DA2B-59FF-42A0-8581-56C4FBAFFBB5}.Release|Any CPU.Build.0 = Release|Any CPU
	EndGlobalSection
	GlobalSection(SolutionProperties) = preSolution
		HideSolutionNode = FALSE
	EndGlobalSection
	GlobalSection(ExtensibilityGlobals) = postSolution
		SolutionGuid = {E49E1CA8-CCD6-410D-8336-1CE9659DB905}
	EndGlobalSection
EndGlobal
